
Microsoft Visual Studio Solution File, Format Version 12.00
# Visual Studio 15
VisualStudioVersion = 15.0.28307.1500
MinimumVisualStudioVersion = 10.0.40219.1
Project("{FAE04EC0-301F-11D3-BF4B-00C04F79EFBC}") = "Cambiar_Color_Imagen_SVG", "Cambiar_Color_Imagen_SVG\Cambiar_Color_Imagen_SVG.csproj", "{143DA69C-6989-4F3D-82FC-D33A39853C1D}"
EndProject
Global
	GlobalSection(SolutionConfigurationPlatforms) = preSolution
		Debug|Any CPU = Debug|Any CPU
		Release|Any CPU = Release|Any CPU
	EndGlobalSection
	GlobalSection(ProjectConfigurationPlatforms) = postSolution
		{143DA69C-6989-4F3D-82FC-D33A39853C1D}.Debug|Any CPU.ActiveCfg = Debug|Any CPU
		{143DA69C-6989-4F3D-82FC-D33A39853C1D}.Debug|Any CPU.Build.0 = Debug|Any CPU
		{143DA69C-6989-4F3D-82FC-D33A39853C1D}.Release|Any CPU.ActiveCfg = Release|Any CPU
		{143DA69C-6989-4F3D-82FC-D33A39853C1D}.Release|Any CPU.Build.0 = Release|Any CPU
	EndGlobalSection
	GlobalSection(SolutionProperties) = preSolution
		HideSolutionNode = FALSE
	EndGlobalSection
	GlobalSection(ExtensibilityGlobals) = postSolution
		SolutionGuid = {21DB4C6C-7DD9-4B64-826A-13CB6480B00F}
	EndGlobalSection
EndGlobal
